
Microsoft Visual Studio Solution File, Format Version 12.00
# Visual Studio Version 16
VisualStudioVersion = 16.0.31911.196
MinimumVisualStudioVersion = 10.0.40219.1
Project("{2150E333-8FDC-42A3-9474-1A3956D46DE8}") = "Foundation", "Foundation", "{0CC0D427-8CB2-4126-95B8-693E65CC2048}"
EndProject
Project("{2150E333-8FDC-42A3-9474-1A3956D46DE8}") = "Feature", "Feature", "{4B89C254-3A32-404C-BCE5-4415AA9F05BE}"
EndProject
Project("{2150E333-8FDC-42A3-9474-1A3956D46DE8}") = "Project", "Project", "{2D9CD46D-F9DF-4A16-9136-DD8EC704E641}"
EndProject
Project("{2150E333-8FDC-42A3-9474-1A3956D46DE8}") = "Common", "Common", "{0B87070B-9EA4-44A9-B8FC-B55DB1E9DD41}"
EndProject
Project("{2150E333-8FDC-42A3-9474-1A3956D46DE8}") = "OneWeb", "OneWeb", "{B21610B9-9E8C-46CB-9D63-F04B1B5EB998}"
EndProject
Project("{2150E333-8FDC-42A3-9474-1A3956D46DE8}") = "Serialization", "Serialization", "{5955D21A-D6F1-4D3D-9672-78C6BDC7F8BC}"
EndProject
Project("{FAE04EC0-301F-11D3-BF4B-00C04F79EFBC}") = "OneWeb.Project.OneWeb", "src\Project\OneWeb\OneWeb.Project.OneWeb.csproj", "{23CF940F-89A8-4266-ACFB-B539A9E3B401}"
EndProject
Project("{FAE04EC0-301F-11D3-BF4B-00C04F79EFBC}") = "OneWeb.Foundation.Serialization", "src\Foundation\Serialization\OneWeb.Foundation.Serialization.csproj", "{C3F8F420-1F18-4628-B9B1-8C9CC79AEE63}"
EndProject
Project("{FAE04EC0-301F-11D3-BF4B-00C04F79EFBC}") = "OneWeb.Project.Common", "src\Project\Common\OneWeb.Project.Common.csproj", "{D5F6D228-DA83-44C4-9663-8A304788A13F}"
EndProject
Project("{2150E333-8FDC-42A3-9474-1A3956D46DE8}") = "Configuration", "Configuration", "{341759DE-3605-42B8-B7AD-F284E29AB6EB}"
	ProjectSection(SolutionItems) = preProject
		.gitignore = .gitignore
		gulp-config.js = gulp-config.js
		gulpfile.js = gulpfile.js
		package.json = package.json
		README.md = README.md
	EndProjectSection
EndProject
Project("{2150E333-8FDC-42A3-9474-1A3956D46DE8}") = "SitecoreExtensions", "SitecoreExtensions", "{0635EB05-5EAC-4BDE-9DBC-246353C4BE4D}"
EndProject
Project("{FAE04EC0-301F-11D3-BF4B-00C04F79EFBC}") = "OneWeb.Foundation.SitecoreExtensions", "src\Foundation\SitecoreExtensions\OneWeb.Foundation.SitecoreExtensions.csproj", "{3D320350-8B02-452B-B48E-83F4A7D304BD}"
EndProject
Project("{2150E333-8FDC-42A3-9474-1A3956D46DE8}") = "Search", "Search", "{FBB2458A-E2A6-4DAF-AC7D-E72D176769D0}"
EndProject
Project("{FAE04EC0-301F-11D3-BF4B-00C04F79EFBC}") = "OneWeb.Foundation.Search", "src\Foundation\Search\OneWeb.Foundation.Search.csproj", "{71F8750F-8F38-4DA1-B99C-BE8992152BCC}"
EndProject
Project("{2150E333-8FDC-42A3-9474-1A3956D46DE8}") = "PageContent", "PageContent", "{3C825644-91AD-466C-85A8-2D0D733E2100}"
EndProject
Project("{FAE04EC0-301F-11D3-BF4B-00C04F79EFBC}") = "OneWeb.Feature.PageContent", "src\Feature\PageContent\OneWeb.Feature.PageContent.csproj", "{0E1A4E09-8ACD-4212-AC76-BCC408C4C760}"
EndProject
Project("{2150E333-8FDC-42A3-9474-1A3956D46DE8}") = "Navigation", "Navigation", "{CC783C7F-BAA8-4582-AA05-1F6E2902D49D}"
EndProject
Project("{FAE04EC0-301F-11D3-BF4B-00C04F79EFBC}") = "OneWeb.Feature.Navigation", "src\Feature\Navigation\OneWeb.Feature.Navigation.csproj", "{FFC9B0B5-5296-439A-A796-0BD3BDA681FC}"
EndProject
Project("{2150E333-8FDC-42A3-9474-1A3956D46DE8}") = "Form", "Form", "{42D9C5E3-98C6-4438-8A2B-1DDF24DB36D7}"
EndProject
Project("{FAE04EC0-301F-11D3-BF4B-00C04F79EFBC}") = "OneWeb.Feature.Form", "src\Feature\Form\OneWeb.Feature.Form.csproj", "{A297B7E9-6C6E-473B-920F-7BE8D4BBD322}"
EndProject
Project("{2150E333-8FDC-42A3-9474-1A3956D46DE8}") = "Search", "Search", "{DD6C6614-509C-481F-80CE-D910E3FB21E8}"
EndProject
Project("{FAE04EC0-301F-11D3-BF4B-00C04F79EFBC}") = "OneWeb.Feature.Search", "src\Feature\Search\OneWeb.Feature.Search.csproj", "{12943973-F4A3-4185-89DF-B0BB902BBA6A}"
EndProject
Project("{2150E333-8FDC-42A3-9474-1A3956D46DE8}") = "PageStructure", "PageStructure", "{A550B69F-972E-42B7-BC1B-BC4AD70F4432}"
EndProject
Project("{FAE04EC0-301F-11D3-BF4B-00C04F79EFBC}") = "OneWeb.Feature.PageStructure", "src\Feature\PageStructure\OneWeb.Feature.PageStructure.csproj", "{D4651363-82E9-41AF-B94B-A9956DD31366}"
EndProject
Project("{2150E333-8FDC-42A3-9474-1A3956D46DE8}") = "Media", "Media", "{747D5ACD-C3D7-455B-A325-369D287D66A1}"
EndProject
Project("{FAE04EC0-301F-11D3-BF4B-00C04F79EFBC}") = "OneWeb.Feature.Media", "src\Feature\Media\OneWeb.Feature.Media.csproj", "{D86F160C-BC2E-4C89-8F6B-5B95A6CFB8A0}"
EndProject
Project("{2150E333-8FDC-42A3-9474-1A3956D46DE8}") = "Hero", "Hero", "{6ED0AB9D-37F8-4F05-B3D0-119301393C1B}"
EndProject
Project("{FAE04EC0-301F-11D3-BF4B-00C04F79EFBC}") = "OneWeb.Feature.Hero", "src\Feature\Hero\OneWeb.Feature.Hero.csproj", "{3CCDA605-4E6E-4266-A080-6C10B24D2FB2}"
EndProject
Project("{2150E333-8FDC-42A3-9474-1A3956D46DE8}") = "Taxonomy", "Taxonomy", "{B5F11D42-B49D-4DCD-984A-2F7375A95B7E}"
EndProject
Project("{FAE04EC0-301F-11D3-BF4B-00C04F79EFBC}") = "OneWeb.Feature.Taxonomy", "src\Feature\Taxonomy\OneWeb.Feature.Taxonomy.csproj", "{8B0676B0-09BD-479B-9599-26FEC947688F}"
EndProject
Project("{2150E333-8FDC-42A3-9474-1A3956D46DE8}") = "Sidekick", "Sidekick", "{A2A1101F-038C-4E11-ADC2-A497E944E746}"
EndProject
Project("{FAE04EC0-301F-11D3-BF4B-00C04F79EFBC}") = "OneWeb.Foundation.Sidekick", "src\Foundation\Sidekick\OneWeb.Foundation.Sidekick.csproj", "{9245B2A1-50AA-4BB6-AAD3-DEB52EC2FD52}"
EndProject
Project("{2150E333-8FDC-42A3-9474-1A3956D46DE8}") = "Login", "Login", "{E5489AAE-AF82-45BF-8FE6-F13442A96353}"
EndProject
Project("{FAE04EC0-301F-11D3-BF4B-00C04F79EFBC}") = "OneWeb.Feature.Login", "src\Feature\Login\OneWeb.Feature.Login\OneWeb.Feature.Login.csproj", "{19C15E4A-7630-451E-B9D3-6514C52A2D1D}"
EndProject
Project("{2150E333-8FDC-42A3-9474-1A3956D46DE8}") = "Login", "Login", "{FEA7285C-B766-409B-BF32-BEBEF3E841A5}"
EndProject
Project("{FAE04EC0-301F-11D3-BF4B-00C04F79EFBC}") = "OneWeb.Foundation.Login", "src\Foundation\Login\OneWeb.Foundation.Login\OneWeb.Foundation.Login.csproj", "{FB273665-5204-4850-8F21-6CE692ECC16D}"
EndProject
Global
	GlobalSection(SolutionConfigurationPlatforms) = preSolution
		Debug|Any CPU = Debug|Any CPU
		Prod|Any CPU = Prod|Any CPU
		QA|Any CPU = QA|Any CPU
		Release|Any CPU = Release|Any CPU
		Stage|Any CPU = Stage|Any CPU
	EndGlobalSection
	GlobalSection(ProjectConfigurationPlatforms) = postSolution
		{23CF940F-89A8-4266-ACFB-B539A9E3B401}.Debug|Any CPU.ActiveCfg = Debug|Any CPU
		{23CF940F-89A8-4266-ACFB-B539A9E3B401}.Debug|Any CPU.Build.0 = Debug|Any CPU
		{23CF940F-89A8-4266-ACFB-B539A9E3B401}.Prod|Any CPU.ActiveCfg = Release|Any CPU
		{23CF940F-89A8-4266-ACFB-B539A9E3B401}.Prod|Any CPU.Build.0 = Release|Any CPU
		{23CF940F-89A8-4266-ACFB-B539A9E3B401}.QA|Any CPU.ActiveCfg = Release|Any CPU
		{23CF940F-89A8-4266-ACFB-B539A9E3B401}.QA|Any CPU.Build.0 = Release|Any CPU
		{23CF940F-89A8-4266-ACFB-B539A9E3B401}.Release|Any CPU.ActiveCfg = Release|Any CPU
		{23CF940F-89A8-4266-ACFB-B539A9E3B401}.Release|Any CPU.Build.0 = Release|Any CPU
		{23CF940F-89A8-4266-ACFB-B539A9E3B401}.Stage|Any CPU.ActiveCfg = Release|Any CPU
		{23CF940F-89A8-4266-ACFB-B539A9E3B401}.Stage|Any CPU.Build.0 = Release|Any CPU
		{C3F8F420-1F18-4628-B9B1-8C9CC79AEE63}.Debug|Any CPU.ActiveCfg = Debug|Any CPU
		{C3F8F420-1F18-4628-B9B1-8C9CC79AEE63}.Debug|Any CPU.Build.0 = Debug|Any CPU
		{C3F8F420-1F18-4628-B9B1-8C9CC79AEE63}.Prod|Any CPU.ActiveCfg = Release|Any CPU
		{C3F8F420-1F18-4628-B9B1-8C9CC79AEE63}.Prod|Any CPU.Build.0 = Release|Any CPU
		{C3F8F420-1F18-4628-B9B1-8C9CC79AEE63}.QA|Any CPU.ActiveCfg = Release|Any CPU
		{C3F8F420-1F18-4628-B9B1-8C9CC79AEE63}.QA|Any CPU.Build.0 = Release|Any CPU
		{C3F8F420-1F18-4628-B9B1-8C9CC79AEE63}.Release|Any CPU.ActiveCfg = Release|Any CPU
		{C3F8F420-1F18-4628-B9B1-8C9CC79AEE63}.Release|Any CPU.Build.0 = Release|Any CPU
		{C3F8F420-1F18-4628-B9B1-8C9CC79AEE63}.Stage|Any CPU.ActiveCfg = Release|Any CPU
		{C3F8F420-1F18-4628-B9B1-8C9CC79AEE63}.Stage|Any CPU.Build.0 = Release|Any CPU
		{D5F6D228-DA83-44C4-9663-8A304788A13F}.Debug|Any CPU.ActiveCfg = Debug|Any CPU
		{D5F6D228-DA83-44C4-9663-8A304788A13F}.Debug|Any CPU.Build.0 = Debug|Any CPU
		{D5F6D228-DA83-44C4-9663-8A304788A13F}.Prod|Any CPU.ActiveCfg = Release|Any CPU
		{D5F6D228-DA83-44C4-9663-8A304788A13F}.Prod|Any CPU.Build.0 = Release|Any CPU
		{D5F6D228-DA83-44C4-9663-8A304788A13F}.QA|Any CPU.ActiveCfg = Release|Any CPU
		{D5F6D228-DA83-44C4-9663-8A304788A13F}.QA|Any CPU.Build.0 = Release|Any CPU
		{D5F6D228-DA83-44C4-9663-8A304788A13F}.Release|Any CPU.ActiveCfg = Release|Any CPU
		{D5F6D228-DA83-44C4-9663-8A304788A13F}.Release|Any CPU.Build.0 = Release|Any CPU
		{D5F6D228-DA83-44C4-9663-8A304788A13F}.Stage|Any CPU.ActiveCfg = Release|Any CPU
		{D5F6D228-DA83-44C4-9663-8A304788A13F}.Stage|Any CPU.Build.0 = Release|Any CPU
		{3D320350-8B02-452B-B48E-83F4A7D304BD}.Debug|Any CPU.ActiveCfg = Debug|Any CPU
		{3D320350-8B02-452B-B48E-83F4A7D304BD}.Debug|Any CPU.Build.0 = Debug|Any CPU
		{3D320350-8B02-452B-B48E-83F4A7D304BD}.Prod|Any CPU.ActiveCfg = Release|Any CPU
		{3D320350-8B02-452B-B48E-83F4A7D304BD}.Prod|Any CPU.Build.0 = Release|Any CPU
		{3D320350-8B02-452B-B48E-83F4A7D304BD}.QA|Any CPU.ActiveCfg = Release|Any CPU
		{3D320350-8B02-452B-B48E-83F4A7D304BD}.QA|Any CPU.Build.0 = Release|Any CPU
		{3D320350-8B02-452B-B48E-83F4A7D304BD}.Release|Any CPU.ActiveCfg = Release|Any CPU
		{3D320350-8B02-452B-B48E-83F4A7D304BD}.Release|Any CPU.Build.0 = Release|Any CPU
		{3D320350-8B02-452B-B48E-83F4A7D304BD}.Stage|Any CPU.ActiveCfg = Release|Any CPU
		{3D320350-8B02-452B-B48E-83F4A7D304BD}.Stage|Any CPU.Build.0 = Release|Any CPU
		{71F8750F-8F38-4DA1-B99C-BE8992152BCC}.Debug|Any CPU.ActiveCfg = Debug|Any CPU
		{71F8750F-8F38-4DA1-B99C-BE8992152BCC}.Debug|Any CPU.Build.0 = Debug|Any CPU
		{71F8750F-8F38-4DA1-B99C-BE8992152BCC}.Prod|Any CPU.ActiveCfg = Release|Any CPU
		{71F8750F-8F38-4DA1-B99C-BE8992152BCC}.Prod|Any CPU.Build.0 = Release|Any CPU
		{71F8750F-8F38-4DA1-B99C-BE8992152BCC}.QA|Any CPU.ActiveCfg = Release|Any CPU
		{71F8750F-8F38-4DA1-B99C-BE8992152BCC}.QA|Any CPU.Build.0 = Release|Any CPU
		{71F8750F-8F38-4DA1-B99C-BE8992152BCC}.Release|Any CPU.ActiveCfg = Release|Any CPU
		{71F8750F-8F38-4DA1-B99C-BE8992152BCC}.Release|Any CPU.Build.0 = Release|Any CPU
		{71F8750F-8F38-4DA1-B99C-BE8992152BCC}.Stage|Any CPU.ActiveCfg = Release|Any CPU
		{71F8750F-8F38-4DA1-B99C-BE8992152BCC}.Stage|Any CPU.Build.0 = Release|Any CPU
		{0E1A4E09-8ACD-4212-AC76-BCC408C4C760}.Debug|Any CPU.ActiveCfg = Debug|Any CPU
		{0E1A4E09-8ACD-4212-AC76-BCC408C4C760}.Debug|Any CPU.Build.0 = Debug|Any CPU
		{0E1A4E09-8ACD-4212-AC76-BCC408C4C760}.Prod|Any CPU.ActiveCfg = Release|Any CPU
		{0E1A4E09-8ACD-4212-AC76-BCC408C4C760}.Prod|Any CPU.Build.0 = Release|Any CPU
		{0E1A4E09-8ACD-4212-AC76-BCC408C4C760}.QA|Any CPU.ActiveCfg = Release|Any CPU
		{0E1A4E09-8ACD-4212-AC76-BCC408C4C760}.QA|Any CPU.Build.0 = Release|Any CPU
		{0E1A4E09-8ACD-4212-AC76-BCC408C4C760}.Release|Any CPU.ActiveCfg = Release|Any CPU
		{0E1A4E09-8ACD-4212-AC76-BCC408C4C760}.Release|Any CPU.Build.0 = Release|Any CPU
		{0E1A4E09-8ACD-4212-AC76-BCC408C4C760}.Stage|Any CPU.ActiveCfg = Release|Any CPU
		{0E1A4E09-8ACD-4212-AC76-BCC408C4C760}.Stage|Any CPU.Build.0 = Release|Any CPU
		{FFC9B0B5-5296-439A-A796-0BD3BDA681FC}.Debug|Any CPU.ActiveCfg = Debug|Any CPU
		{FFC9B0B5-5296-439A-A796-0BD3BDA681FC}.Debug|Any CPU.Build.0 = Debug|Any CPU
		{FFC9B0B5-5296-439A-A796-0BD3BDA681FC}.Prod|Any CPU.ActiveCfg = Release|Any CPU
		{FFC9B0B5-5296-439A-A796-0BD3BDA681FC}.Prod|Any CPU.Build.0 = Release|Any CPU
		{FFC9B0B5-5296-439A-A796-0BD3BDA681FC}.QA|Any CPU.ActiveCfg = Release|Any CPU
		{FFC9B0B5-5296-439A-A796-0BD3BDA681FC}.QA|Any CPU.Build.0 = Release|Any CPU
		{FFC9B0B5-5296-439A-A796-0BD3BDA681FC}.Release|Any CPU.ActiveCfg = Release|Any CPU
		{FFC9B0B5-5296-439A-A796-0BD3BDA681FC}.Release|Any CPU.Build.0 = Release|Any CPU
		{FFC9B0B5-5296-439A-A796-0BD3BDA681FC}.Stage|Any CPU.ActiveCfg = Release|Any CPU
		{FFC9B0B5-5296-439A-A796-0BD3BDA681FC}.Stage|Any CPU.Build.0 = Release|Any CPU
		{A297B7E9-6C6E-473B-920F-7BE8D4BBD322}.Debug|Any CPU.ActiveCfg = Debug|Any CPU
		{A297B7E9-6C6E-473B-920F-7BE8D4BBD322}.Debug|Any CPU.Build.0 = Debug|Any CPU
		{A297B7E9-6C6E-473B-920F-7BE8D4BBD322}.Prod|Any CPU.ActiveCfg = Release|Any CPU
		{A297B7E9-6C6E-473B-920F-7BE8D4BBD322}.Prod|Any CPU.Build.0 = Release|Any CPU
		{A297B7E9-6C6E-473B-920F-7BE8D4BBD322}.QA|Any CPU.ActiveCfg = Release|Any CPU
		{A297B7E9-6C6E-473B-920F-7BE8D4BBD322}.QA|Any CPU.Build.0 = Release|Any CPU
		{A297B7E9-6C6E-473B-920F-7BE8D4BBD322}.Release|Any CPU.ActiveCfg = Release|Any CPU
		{A297B7E9-6C6E-473B-920F-7BE8D4BBD322}.Release|Any CPU.Build.0 = Release|Any CPU
		{A297B7E9-6C6E-473B-920F-7BE8D4BBD322}.Stage|Any CPU.ActiveCfg = Release|Any CPU
		{A297B7E9-6C6E-473B-920F-7BE8D4BBD322}.Stage|Any CPU.Build.0 = Release|Any CPU
		{12943973-F4A3-4185-89DF-B0BB902BBA6A}.Debug|Any CPU.ActiveCfg = Debug|Any CPU
		{12943973-F4A3-4185-89DF-B0BB902BBA6A}.Debug|Any CPU.Build.0 = Debug|Any CPU
		{12943973-F4A3-4185-89DF-B0BB902BBA6A}.Prod|Any CPU.ActiveCfg = Release|Any CPU
		{12943973-F4A3-4185-89DF-B0BB902BBA6A}.Prod|Any CPU.Build.0 = Release|Any CPU
		{12943973-F4A3-4185-89DF-B0BB902BBA6A}.QA|Any CPU.ActiveCfg = Release|Any CPU
		{12943973-F4A3-4185-89DF-B0BB902BBA6A}.QA|Any CPU.Build.0 = Release|Any CPU
		{12943973-F4A3-4185-89DF-B0BB902BBA6A}.Release|Any CPU.ActiveCfg = Release|Any CPU
		{12943973-F4A3-4185-89DF-B0BB902BBA6A}.Release|Any CPU.Build.0 = Release|Any CPU
		{12943973-F4A3-4185-89DF-B0BB902BBA6A}.Stage|Any CPU.ActiveCfg = Release|Any CPU
		{12943973-F4A3-4185-89DF-B0BB902BBA6A}.Stage|Any CPU.Build.0 = Release|Any CPU
		{D4651363-82E9-41AF-B94B-A9956DD31366}.Debug|Any CPU.ActiveCfg = Debug|Any CPU
		{D4651363-82E9-41AF-B94B-A9956DD31366}.Debug|Any CPU.Build.0 = Debug|Any CPU
		{D4651363-82E9-41AF-B94B-A9956DD31366}.Prod|Any CPU.ActiveCfg = Release|Any CPU
		{D4651363-82E9-41AF-B94B-A9956DD31366}.Prod|Any CPU.Build.0 = Release|Any CPU
		{D4651363-82E9-41AF-B94B-A9956DD31366}.QA|Any CPU.ActiveCfg = Release|Any CPU
		{D4651363-82E9-41AF-B94B-A9956DD31366}.QA|Any CPU.Build.0 = Release|Any CPU
		{D4651363-82E9-41AF-B94B-A9956DD31366}.Release|Any CPU.ActiveCfg = Release|Any CPU
		{D4651363-82E9-41AF-B94B-A9956DD31366}.Release|Any CPU.Build.0 = Release|Any CPU
		{D4651363-82E9-41AF-B94B-A9956DD31366}.Stage|Any CPU.ActiveCfg = Release|Any CPU
		{D4651363-82E9-41AF-B94B-A9956DD31366}.Stage|Any CPU.Build.0 = Release|Any CPU
		{D86F160C-BC2E-4C89-8F6B-5B95A6CFB8A0}.Debug|Any CPU.ActiveCfg = Debug|Any CPU
		{D86F160C-BC2E-4C89-8F6B-5B95A6CFB8A0}.Debug|Any CPU.Build.0 = Debug|Any CPU
		{D86F160C-BC2E-4C89-8F6B-5B95A6CFB8A0}.Prod|Any CPU.ActiveCfg = Release|Any CPU
		{D86F160C-BC2E-4C89-8F6B-5B95A6CFB8A0}.Prod|Any CPU.Build.0 = Release|Any CPU
		{D86F160C-BC2E-4C89-8F6B-5B95A6CFB8A0}.QA|Any CPU.ActiveCfg = Release|Any CPU
		{D86F160C-BC2E-4C89-8F6B-5B95A6CFB8A0}.QA|Any CPU.Build.0 = Release|Any CPU
		{D86F160C-BC2E-4C89-8F6B-5B95A6CFB8A0}.Release|Any CPU.ActiveCfg = Release|Any CPU
		{D86F160C-BC2E-4C89-8F6B-5B95A6CFB8A0}.Release|Any CPU.Build.0 = Release|Any CPU
		{D86F160C-BC2E-4C89-8F6B-5B95A6CFB8A0}.Stage|Any CPU.ActiveCfg = Release|Any CPU
		{D86F160C-BC2E-4C89-8F6B-5B95A6CFB8A0}.Stage|Any CPU.Build.0 = Release|Any CPU
		{3CCDA605-4E6E-4266-A080-6C10B24D2FB2}.Debug|Any CPU.ActiveCfg = Debug|Any CPU
		{3CCDA605-4E6E-4266-A080-6C10B24D2FB2}.Debug|Any CPU.Build.0 = Debug|Any CPU
		{3CCDA605-4E6E-4266-A080-6C10B24D2FB2}.Prod|Any CPU.ActiveCfg = Release|Any CPU
		{3CCDA605-4E6E-4266-A080-6C10B24D2FB2}.Prod|Any CPU.Build.0 = Release|Any CPU
		{3CCDA605-4E6E-4266-A080-6C10B24D2FB2}.QA|Any CPU.ActiveCfg = Release|Any CPU
		{3CCDA605-4E6E-4266-A080-6C10B24D2FB2}.QA|Any CPU.Build.0 = Release|Any CPU
		{3CCDA605-4E6E-4266-A080-6C10B24D2FB2}.Release|Any CPU.ActiveCfg = Release|Any CPU
		{3CCDA605-4E6E-4266-A080-6C10B24D2FB2}.Release|Any CPU.Build.0 = Release|Any CPU
		{3CCDA605-4E6E-4266-A080-6C10B24D2FB2}.Stage|Any CPU.ActiveCfg = Release|Any CPU
		{3CCDA605-4E6E-4266-A080-6C10B24D2FB2}.Stage|Any CPU.Build.0 = Release|Any CPU
		{8B0676B0-09BD-479B-9599-26FEC947688F}.Debug|Any CPU.ActiveCfg = Debug|Any CPU
		{8B0676B0-09BD-479B-9599-26FEC947688F}.Debug|Any CPU.Build.0 = Debug|Any CPU
		{8B0676B0-09BD-479B-9599-26FEC947688F}.Prod|Any CPU.ActiveCfg = Release|Any CPU
		{8B0676B0-09BD-479B-9599-26FEC947688F}.Prod|Any CPU.Build.0 = Release|Any CPU
		{8B0676B0-09BD-479B-9599-26FEC947688F}.QA|Any CPU.ActiveCfg = Release|Any CPU
		{8B0676B0-09BD-479B-9599-26FEC947688F}.QA|Any CPU.Build.0 = Release|Any CPU
		{8B0676B0-09BD-479B-9599-26FEC947688F}.Release|Any CPU.ActiveCfg = Release|Any CPU
		{8B0676B0-09BD-479B-9599-26FEC947688F}.Release|Any CPU.Build.0 = Release|Any CPU
		{8B0676B0-09BD-479B-9599-26FEC947688F}.Stage|Any CPU.ActiveCfg = Release|Any CPU
		{8B0676B0-09BD-479B-9599-26FEC947688F}.Stage|Any CPU.Build.0 = Release|Any CPU
		{9245B2A1-50AA-4BB6-AAD3-DEB52EC2FD52}.Debug|Any CPU.ActiveCfg = Debug|Any CPU
		{9245B2A1-50AA-4BB6-AAD3-DEB52EC2FD52}.Debug|Any CPU.Build.0 = Debug|Any CPU
		{9245B2A1-50AA-4BB6-AAD3-DEB52EC2FD52}.Prod|Any CPU.ActiveCfg = Prod|Any CPU
		{9245B2A1-50AA-4BB6-AAD3-DEB52EC2FD52}.Prod|Any CPU.Build.0 = Prod|Any CPU
		{9245B2A1-50AA-4BB6-AAD3-DEB52EC2FD52}.QA|Any CPU.ActiveCfg = QA|Any CPU
		{9245B2A1-50AA-4BB6-AAD3-DEB52EC2FD52}.QA|Any CPU.Build.0 = QA|Any CPU
		{9245B2A1-50AA-4BB6-AAD3-DEB52EC2FD52}.Release|Any CPU.ActiveCfg = Release|Any CPU
		{9245B2A1-50AA-4BB6-AAD3-DEB52EC2FD52}.Release|Any CPU.Build.0 = Release|Any CPU
		{9245B2A1-50AA-4BB6-AAD3-DEB52EC2FD52}.Stage|Any CPU.ActiveCfg = Stage|Any CPU
		{9245B2A1-50AA-4BB6-AAD3-DEB52EC2FD52}.Stage|Any CPU.Build.0 = Stage|Any CPU
		{19C15E4A-7630-451E-B9D3-6514C52A2D1D}.Debug|Any CPU.ActiveCfg = Debug|Any CPU
		{19C15E4A-7630-451E-B9D3-6514C52A2D1D}.Debug|Any CPU.Build.0 = Debug|Any CPU
		{19C15E4A-7630-451E-B9D3-6514C52A2D1D}.Prod|Any CPU.ActiveCfg = Release|Any CPU
		{19C15E4A-7630-451E-B9D3-6514C52A2D1D}.Prod|Any CPU.Build.0 = Release|Any CPU
		{19C15E4A-7630-451E-B9D3-6514C52A2D1D}.QA|Any CPU.ActiveCfg = Release|Any CPU
		{19C15E4A-7630-451E-B9D3-6514C52A2D1D}.QA|Any CPU.Build.0 = Release|Any CPU
		{19C15E4A-7630-451E-B9D3-6514C52A2D1D}.Release|Any CPU.ActiveCfg = Release|Any CPU
		{19C15E4A-7630-451E-B9D3-6514C52A2D1D}.Release|Any CPU.Build.0 = Release|Any CPU
		{19C15E4A-7630-451E-B9D3-6514C52A2D1D}.Stage|Any CPU.ActiveCfg = Release|Any CPU
		{19C15E4A-7630-451E-B9D3-6514C52A2D1D}.Stage|Any CPU.Build.0 = Release|Any CPU
		{FB273665-5204-4850-8F21-6CE692ECC16D}.Debug|Any CPU.ActiveCfg = Debug|Any CPU
		{FB273665-5204-4850-8F21-6CE692ECC16D}.Debug|Any CPU.Build.0 = Debug|Any CPU
		{FB273665-5204-4850-8F21-6CE692ECC16D}.Prod|Any CPU.ActiveCfg = Release|Any CPU
		{FB273665-5204-4850-8F21-6CE692ECC16D}.Prod|Any CPU.Build.0 = Release|Any CPU
		{FB273665-5204-4850-8F21-6CE692ECC16D}.QA|Any CPU.ActiveCfg = Release|Any CPU
		{FB273665-5204-4850-8F21-6CE692ECC16D}.QA|Any CPU.Build.0 = Release|Any CPU
		{FB273665-5204-4850-8F21-6CE692ECC16D}.Release|Any CPU.ActiveCfg = Release|Any CPU
		{FB273665-5204-4850-8F21-6CE692ECC16D}.Release|Any CPU.Build.0 = Release|Any CPU
		{FB273665-5204-4850-8F21-6CE692ECC16D}.Stage|Any CPU.ActiveCfg = Release|Any CPU
		{FB273665-5204-4850-8F21-6CE692ECC16D}.Stage|Any CPU.Build.0 = Release|Any CPU
	EndGlobalSection
	GlobalSection(SolutionProperties) = preSolution
		HideSolutionNode = FALSE
	EndGlobalSection
	GlobalSection(NestedProjects) = preSolution
		{0B87070B-9EA4-44A9-B8FC-B55DB1E9DD41} = {2D9CD46D-F9DF-4A16-9136-DD8EC704E641}
		{B21610B9-9E8C-46CB-9D63-F04B1B5EB998} = {2D9CD46D-F9DF-4A16-9136-DD8EC704E641}
		{5955D21A-D6F1-4D3D-9672-78C6BDC7F8BC} = {0CC0D427-8CB2-4126-95B8-693E65CC2048}
		{23CF940F-89A8-4266-ACFB-B539A9E3B401} = {B21610B9-9E8C-46CB-9D63-F04B1B5EB998}
		{C3F8F420-1F18-4628-B9B1-8C9CC79AEE63} = {5955D21A-D6F1-4D3D-9672-78C6BDC7F8BC}
		{D5F6D228-DA83-44C4-9663-8A304788A13F} = {0B87070B-9EA4-44A9-B8FC-B55DB1E9DD41}
		{0635EB05-5EAC-4BDE-9DBC-246353C4BE4D} = {0CC0D427-8CB2-4126-95B8-693E65CC2048}
		{3D320350-8B02-452B-B48E-83F4A7D304BD} = {0635EB05-5EAC-4BDE-9DBC-246353C4BE4D}
		{FBB2458A-E2A6-4DAF-AC7D-E72D176769D0} = {0CC0D427-8CB2-4126-95B8-693E65CC2048}
		{71F8750F-8F38-4DA1-B99C-BE8992152BCC} = {FBB2458A-E2A6-4DAF-AC7D-E72D176769D0}
		{3C825644-91AD-466C-85A8-2D0D733E2100} = {4B89C254-3A32-404C-BCE5-4415AA9F05BE}
		{0E1A4E09-8ACD-4212-AC76-BCC408C4C760} = {3C825644-91AD-466C-85A8-2D0D733E2100}
		{CC783C7F-BAA8-4582-AA05-1F6E2902D49D} = {4B89C254-3A32-404C-BCE5-4415AA9F05BE}
		{FFC9B0B5-5296-439A-A796-0BD3BDA681FC} = {CC783C7F-BAA8-4582-AA05-1F6E2902D49D}
		{42D9C5E3-98C6-4438-8A2B-1DDF24DB36D7} = {4B89C254-3A32-404C-BCE5-4415AA9F05BE}
		{A297B7E9-6C6E-473B-920F-7BE8D4BBD322} = {42D9C5E3-98C6-4438-8A2B-1DDF24DB36D7}
		{DD6C6614-509C-481F-80CE-D910E3FB21E8} = {4B89C254-3A32-404C-BCE5-4415AA9F05BE}
		{12943973-F4A3-4185-89DF-B0BB902BBA6A} = {DD6C6614-509C-481F-80CE-D910E3FB21E8}
		{A550B69F-972E-42B7-BC1B-BC4AD70F4432} = {4B89C254-3A32-404C-BCE5-4415AA9F05BE}
		{D4651363-82E9-41AF-B94B-A9956DD31366} = {A550B69F-972E-42B7-BC1B-BC4AD70F4432}
		{747D5ACD-C3D7-455B-A325-369D287D66A1} = {4B89C254-3A32-404C-BCE5-4415AA9F05BE}
		{D86F160C-BC2E-4C89-8F6B-5B95A6CFB8A0} = {747D5ACD-C3D7-455B-A325-369D287D66A1}
		{6ED0AB9D-37F8-4F05-B3D0-119301393C1B} = {4B89C254-3A32-404C-BCE5-4415AA9F05BE}
		{3CCDA605-4E6E-4266-A080-6C10B24D2FB2} = {6ED0AB9D-37F8-4F05-B3D0-119301393C1B}
		{B5F11D42-B49D-4DCD-984A-2F7375A95B7E} = {4B89C254-3A32-404C-BCE5-4415AA9F05BE}
		{8B0676B0-09BD-479B-9599-26FEC947688F} = {B5F11D42-B49D-4DCD-984A-2F7375A95B7E}
		{A2A1101F-038C-4E11-ADC2-A497E944E746} = {0CC0D427-8CB2-4126-95B8-693E65CC2048}
		{9245B2A1-50AA-4BB6-AAD3-DEB52EC2FD52} = {A2A1101F-038C-4E11-ADC2-A497E944E746}
		{E5489AAE-AF82-45BF-8FE6-F13442A96353} = {4B89C254-3A32-404C-BCE5-4415AA9F05BE}
		{19C15E4A-7630-451E-B9D3-6514C52A2D1D} = {E5489AAE-AF82-45BF-8FE6-F13442A96353}
		{FEA7285C-B766-409B-BF32-BEBEF3E841A5} = {0CC0D427-8CB2-4126-95B8-693E65CC2048}
		{FB273665-5204-4850-8F21-6CE692ECC16D} = {FEA7285C-B766-409B-BF32-BEBEF3E841A5}
	EndGlobalSection
	GlobalSection(ExtensibilityGlobals) = postSolution
		SolutionGuid = {FADAF3EB-C911-4F79-B1A3-87F8EF9700C3}
		EnterpriseLibraryConfigurationToolBinariesPathV6 = packages\EnterpriseLibrary.Common.6.0.1304.0\lib\NET45;packages\EnterpriseLibrary.TransientFaultHandling.6.0.1304.0\lib\portable-net45+win+wp8;packages\EnterpriseLibrary.TransientFaultHandling.Caching.6.0.1304.0\lib\NET45;packages\EnterpriseLibrary.TransientFaultHandling.Data.6.0.1304.1\lib\NET45;packages\EnterpriseLibrary.TransientFaultHandling.ServiceBus.6.0.1304.0\lib\NET45;packages\EnterpriseLibrary.TransientFaultHandling.WindowsAzure.Storage.6.0.1304.0\lib\NET45;packages\EnterpriseLibrary.TransientFaultHandling.Configuration.6.0.1304.0\lib\NET45
	EndGlobalSection
EndGlobal
